
Microsoft Visual Studio Solution File, Format Version 12.00
# Visual Studio Version 16
VisualStudioVersion = 16.0.30523.141
MinimumVisualStudioVersion = 10.0.40219.1
Project("{D954291E-2A0B-460D-934E-DC6B0785DB48}") = "PadController.Shared", "PadController\PadController.Shared\PadController.Shared.shproj", "{6279C845-92F8-4333-AB99-3D213163593C}"
EndProject
Project("{FAE04EC0-301F-11D3-BF4B-00C04F79EFBC}") = "PadController.Droid", "PadController\PadController.Droid\PadController.Droid.csproj", "{CF026357-7ED0-4E50-8C80-3D73FF88C203}"
EndProject
Project("{FAE04EC0-301F-11D3-BF4B-00C04F79EFBC}") = "PadController.iOS", "PadController\PadController.iOS\PadController.iOS.csproj", "{06593598-BFF4-4650-AFD2-93B93CDB3051}"
EndProject
Project("{FAE04EC0-301F-11D3-BF4B-00C04F79EFBC}") = "PadController.UWP", "PadController\PadController.UWP\PadController.UWP.csproj", "{B0D7B250-8BFB-47EE-A068-B89666ACC61C}"
EndProject
Project("{9A19103F-16F7-4668-BE54-9A1E7A4F7556}") = "PadController.Wasm", "PadController\PadController.Wasm\PadController.Wasm.csproj", "{683D7BA4-46AB-4703-A68B-2AA8A3AD910D}"
EndProject
Project("{FAE04EC0-301F-11D3-BF4B-00C04F79EFBC}") = "PadController.macOS", "PadController\PadController.macOS\PadController.macOS.csproj", "{1EEAB241-DEB4-473D-90BD-8A50669919FF}"
EndProject
Project("{9A19103F-16F7-4668-BE54-9A1E7A4F7556}") = "TestSynthThings", "PadController\PadController.Shared\AudioSynthesis\TestSynthThings\TestSynthThings.csproj", "{D5FEB76D-FBFB-4595-A905-22997E8A543D}"
EndProject
Global
	GlobalSection(SharedMSBuildProjectFiles) = preSolution
		PadController\PadController.Shared\PadController.Shared.projitems*{06593598-bff4-4650-afd2-93b93cdb3051}*SharedItemsImports = 4
		PadController\PadController.Shared\PadController.Shared.projitems*{1eeab241-deb4-473d-90bd-8a50669919ff}*SharedItemsImports = 4
		PadController\PadController.Shared\PadController.Shared.projitems*{6279c845-92f8-4333-ab99-3d213163593c}*SharedItemsImports = 13
		PadController\PadController.Shared\PadController.Shared.projitems*{683d7ba4-46ab-4703-a68b-2aa8a3ad910d}*SharedItemsImports = 5
		PadController\PadController.Shared\PadController.Shared.projitems*{b0d7b250-8bfb-47ee-a068-b89666acc61c}*SharedItemsImports = 4
		PadController\PadController.Shared\PadController.Shared.projitems*{cf026357-7ed0-4e50-8c80-3d73ff88c203}*SharedItemsImports = 4
		PadController\PadController.Shared\PadController.Shared.projitems*{d5feb76d-fbfb-4595-a905-22997e8a543d}*SharedItemsImports = 5
	EndGlobalSection
	GlobalSection(SolutionConfigurationPlatforms) = preSolution
		Ad-Hoc|Any CPU = Ad-Hoc|Any CPU
		Ad-Hoc|ARM = Ad-Hoc|ARM
		Ad-Hoc|ARM64 = Ad-Hoc|ARM64
		Ad-Hoc|iPhone = Ad-Hoc|iPhone
		Ad-Hoc|iPhoneSimulator = Ad-Hoc|iPhoneSimulator
		Ad-Hoc|x64 = Ad-Hoc|x64
		Ad-Hoc|x86 = Ad-Hoc|x86
		AppStore|Any CPU = AppStore|Any CPU
		AppStore|ARM = AppStore|ARM
		AppStore|ARM64 = AppStore|ARM64
		AppStore|iPhone = AppStore|iPhone
		AppStore|iPhoneSimulator = AppStore|iPhoneSimulator
		AppStore|x64 = AppStore|x64
		AppStore|x86 = AppStore|x86
		Debug|Any CPU = Debug|Any CPU
		Debug|ARM = Debug|ARM
		Debug|ARM64 = Debug|ARM64
		Debug|iPhone = Debug|iPhone
		Debug|iPhoneSimulator = Debug|iPhoneSimulator
		Debug|x64 = Debug|x64
		Debug|x86 = Debug|x86
		Release|Any CPU = Release|Any CPU
		Release|ARM = Release|ARM
		Release|ARM64 = Release|ARM64
		Release|iPhone = Release|iPhone
		Release|iPhoneSimulator = Release|iPhoneSimulator
		Release|x64 = Release|x64
		Release|x86 = Release|x86
	EndGlobalSection
	GlobalSection(ProjectConfigurationPlatforms) = postSolution
		{CF026357-7ED0-4E50-8C80-3D73FF88C203}.Ad-Hoc|Any CPU.ActiveCfg = Debug|Any CPU
		{CF026357-7ED0-4E50-8C80-3D73FF88C203}.Ad-Hoc|Any CPU.Build.0 = Debug|Any CPU
		{CF026357-7ED0-4E50-8C80-3D73FF88C203}.Ad-Hoc|Any CPU.Deploy.0 = Debug|Any CPU
		{CF026357-7ED0-4E50-8C80-3D73FF88C203}.Ad-Hoc|ARM.ActiveCfg = Debug|Any CPU
		{CF026357-7ED0-4E50-8C80-3D73FF88C203}.Ad-Hoc|ARM.Build.0 = Debug|Any CPU
		{CF026357-7ED0-4E50-8C80-3D73FF88C203}.Ad-Hoc|ARM.Deploy.0 = Debug|Any CPU
		{CF026357-7ED0-4E50-8C80-3D73FF88C203}.Ad-Hoc|ARM64.ActiveCfg = Debug|Any CPU
		{CF026357-7ED0-4E50-8C80-3D73FF88C203}.Ad-Hoc|ARM64.Build.0 = Debug|Any CPU
		{CF026357-7ED0-4E50-8C80-3D73FF88C203}.Ad-Hoc|ARM64.Deploy.0 = Debug|Any CPU
		{CF026357-7ED0-4E50-8C80-3D73FF88C203}.Ad-Hoc|iPhone.ActiveCfg = Debug|Any CPU
		{CF026357-7ED0-4E50-8C80-3D73FF88C203}.Ad-Hoc|iPhone.Build.0 = Debug|Any CPU
		{CF026357-7ED0-4E50-8C80-3D73FF88C203}.Ad-Hoc|iPhone.Deploy.0 = Debug|Any CPU
		{CF026357-7ED0-4E50-8C80-3D73FF88C203}.Ad-Hoc|iPhoneSimulator.ActiveCfg = Debug|Any CPU
		{CF026357-7ED0-4E50-8C80-3D73FF88C203}.Ad-Hoc|iPhoneSimulator.Build.0 = Debug|Any CPU
		{CF026357-7ED0-4E50-8C80-3D73FF88C203}.Ad-Hoc|iPhoneSimulator.Deploy.0 = Debug|Any CPU
		{CF026357-7ED0-4E50-8C80-3D73FF88C203}.Ad-Hoc|x64.ActiveCfg = Debug|Any CPU
		{CF026357-7ED0-4E50-8C80-3D73FF88C203}.Ad-Hoc|x64.Build.0 = Debug|Any CPU
		{CF026357-7ED0-4E50-8C80-3D73FF88C203}.Ad-Hoc|x64.Deploy.0 = Debug|Any CPU
		{CF026357-7ED0-4E50-8C80-3D73FF88C203}.Ad-Hoc|x86.ActiveCfg = Debug|Any CPU
		{CF026357-7ED0-4E50-8C80-3D73FF88C203}.Ad-Hoc|x86.Build.0 = Debug|Any CPU
		{CF026357-7ED0-4E50-8C80-3D73FF88C203}.Ad-Hoc|x86.Deploy.0 = Debug|Any CPU
		{CF026357-7ED0-4E50-8C80-3D73FF88C203}.AppStore|Any CPU.ActiveCfg = Debug|Any CPU
		{CF026357-7ED0-4E50-8C80-3D73FF88C203}.AppStore|Any CPU.Build.0 = Debug|Any CPU
		{CF026357-7ED0-4E50-8C80-3D73FF88C203}.AppStore|Any CPU.Deploy.0 = Debug|Any CPU
		{CF026357-7ED0-4E50-8C80-3D73FF88C203}.AppStore|ARM.ActiveCfg = Debug|Any CPU
		{CF026357-7ED0-4E50-8C80-3D73FF88C203}.AppStore|ARM.Build.0 = Debug|Any CPU
		{CF026357-7ED0-4E50-8C80-3D73FF88C203}.AppStore|ARM.Deploy.0 = Debug|Any CPU
		{CF026357-7ED0-4E50-8C80-3D73FF88C203}.AppStore|ARM64.ActiveCfg = Debug|Any CPU
		{CF026357-7ED0-4E50-8C80-3D73FF88C203}.AppStore|ARM64.Build.0 = Debug|Any CPU
		{CF026357-7ED0-4E50-8C80-3D73FF88C203}.AppStore|ARM64.Deploy.0 = Debug|Any CPU
		{CF026357-7ED0-4E50-8C80-3D73FF88C203}.AppStore|iPhone.ActiveCfg = Debug|Any CPU
		{CF026357-7ED0-4E50-8C80-3D73FF88C203}.AppStore|iPhone.Build.0 = Debug|Any CPU
		{CF026357-7ED0-4E50-8C80-3D73FF88C203}.AppStore|iPhone.Deploy.0 = Debug|Any CPU
		{CF026357-7ED0-4E50-8C80-3D73FF88C203}.AppStore|iPhoneSimulator.ActiveCfg = Debug|Any CPU
		{CF026357-7ED0-4E50-8C80-3D73FF88C203}.AppStore|iPhoneSimulator.Build.0 = Debug|Any CPU
		{CF026357-7ED0-4E50-8C80-3D73FF88C203}.AppStore|iPhoneSimulator.Deploy.0 = Debug|Any CPU
		{CF026357-7ED0-4E50-8C80-3D73FF88C203}.AppStore|x64.ActiveCfg = Debug|Any CPU
		{CF026357-7ED0-4E50-8C80-3D73FF88C203}.AppStore|x64.Build.0 = Debug|Any CPU
		{CF026357-7ED0-4E50-8C80-3D73FF88C203}.AppStore|x64.Deploy.0 = Debug|Any CPU
		{CF026357-7ED0-4E50-8C80-3D73FF88C203}.AppStore|x86.ActiveCfg = Debug|Any CPU
		{CF026357-7ED0-4E50-8C80-3D73FF88C203}.AppStore|x86.Build.0 = Debug|Any CPU
		{CF026357-7ED0-4E50-8C80-3D73FF88C203}.AppStore|x86.Deploy.0 = Debug|Any CPU
		{CF026357-7ED0-4E50-8C80-3D73FF88C203}.Debug|Any CPU.ActiveCfg = Debug|Any CPU
		{CF026357-7ED0-4E50-8C80-3D73FF88C203}.Debug|Any CPU.Build.0 = Debug|Any CPU
		{CF026357-7ED0-4E50-8C80-3D73FF88C203}.Debug|Any CPU.Deploy.0 = Debug|Any CPU
		{CF026357-7ED0-4E50-8C80-3D73FF88C203}.Debug|ARM.ActiveCfg = Debug|Any CPU
		{CF026357-7ED0-4E50-8C80-3D73FF88C203}.Debug|ARM.Build.0 = Debug|Any CPU
		{CF026357-7ED0-4E50-8C80-3D73FF88C203}.Debug|ARM.Deploy.0 = Debug|Any CPU
		{CF026357-7ED0-4E50-8C80-3D73FF88C203}.Debug|ARM64.ActiveCfg = Debug|Any CPU
		{CF026357-7ED0-4E50-8C80-3D73FF88C203}.Debug|ARM64.Build.0 = Debug|Any CPU
		{CF026357-7ED0-4E50-8C80-3D73FF88C203}.Debug|ARM64.Deploy.0 = Debug|Any CPU
		{CF026357-7ED0-4E50-8C80-3D73FF88C203}.Debug|iPhone.ActiveCfg = Debug|Any CPU
		{CF026357-7ED0-4E50-8C80-3D73FF88C203}.Debug|iPhone.Build.0 = Debug|Any CPU
		{CF026357-7ED0-4E50-8C80-3D73FF88C203}.Debug|iPhone.Deploy.0 = Debug|Any CPU
		{CF026357-7ED0-4E50-8C80-3D73FF88C203}.Debug|iPhoneSimulator.ActiveCfg = Debug|Any CPU
		{CF026357-7ED0-4E50-8C80-3D73FF88C203}.Debug|iPhoneSimulator.Build.0 = Debug|Any CPU
		{CF026357-7ED0-4E50-8C80-3D73FF88C203}.Debug|iPhoneSimulator.Deploy.0 = Debug|Any CPU
		{CF026357-7ED0-4E50-8C80-3D73FF88C203}.Debug|x64.ActiveCfg = Debug|Any CPU
		{CF026357-7ED0-4E50-8C80-3D73FF88C203}.Debug|x64.Build.0 = Debug|Any CPU
		{CF026357-7ED0-4E50-8C80-3D73FF88C203}.Debug|x64.Deploy.0 = Debug|Any CPU
		{CF026357-7ED0-4E50-8C80-3D73FF88C203}.Debug|x86.ActiveCfg = Debug|Any CPU
		{CF026357-7ED0-4E50-8C80-3D73FF88C203}.Debug|x86.Build.0 = Debug|Any CPU
		{CF026357-7ED0-4E50-8C80-3D73FF88C203}.Debug|x86.Deploy.0 = Debug|Any CPU
		{CF026357-7ED0-4E50-8C80-3D73FF88C203}.Release|Any CPU.ActiveCfg = Release|Any CPU
		{CF026357-7ED0-4E50-8C80-3D73FF88C203}.Release|Any CPU.Build.0 = Release|Any CPU
		{CF026357-7ED0-4E50-8C80-3D73FF88C203}.Release|Any CPU.Deploy.0 = Release|Any CPU
		{CF026357-7ED0-4E50-8C80-3D73FF88C203}.Release|ARM.ActiveCfg = Release|Any CPU
		{CF026357-7ED0-4E50-8C80-3D73FF88C203}.Release|ARM.Build.0 = Release|Any CPU
		{CF026357-7ED0-4E50-8C80-3D73FF88C203}.Release|ARM.Deploy.0 = Release|Any CPU
		{CF026357-7ED0-4E50-8C80-3D73FF88C203}.Release|ARM64.ActiveCfg = Release|Any CPU
		{CF026357-7ED0-4E50-8C80-3D73FF88C203}.Release|ARM64.Build.0 = Release|Any CPU
		{CF026357-7ED0-4E50-8C80-3D73FF88C203}.Release|ARM64.Deploy.0 = Release|Any CPU
		{CF026357-7ED0-4E50-8C80-3D73FF88C203}.Release|iPhone.ActiveCfg = Release|Any CPU
		{CF026357-7ED0-4E50-8C80-3D73FF88C203}.Release|iPhone.Build.0 = Release|Any CPU
		{CF026357-7ED0-4E50-8C80-3D73FF88C203}.Release|iPhone.Deploy.0 = Release|Any CPU
		{CF026357-7ED0-4E50-8C80-3D73FF88C203}.Release|iPhoneSimulator.ActiveCfg = Release|Any CPU
		{CF026357-7ED0-4E50-8C80-3D73FF88C203}.Release|iPhoneSimulator.Build.0 = Release|Any CPU
		{CF026357-7ED0-4E50-8C80-3D73FF88C203}.Release|iPhoneSimulator.Deploy.0 = Release|Any CPU
		{CF026357-7ED0-4E50-8C80-3D73FF88C203}.Release|x64.ActiveCfg = Release|Any CPU
		{CF026357-7ED0-4E50-8C80-3D73FF88C203}.Release|x64.Build.0 = Release|Any CPU
		{CF026357-7ED0-4E50-8C80-3D73FF88C203}.Release|x64.Deploy.0 = Release|Any CPU
		{CF026357-7ED0-4E50-8C80-3D73FF88C203}.Release|x86.ActiveCfg = Release|Any CPU
		{CF026357-7ED0-4E50-8C80-3D73FF88C203}.Release|x86.Build.0 = Release|Any CPU
		{CF026357-7ED0-4E50-8C80-3D73FF88C203}.Release|x86.Deploy.0 = Release|Any CPU
		{06593598-BFF4-4650-AFD2-93B93CDB3051}.Ad-Hoc|Any CPU.ActiveCfg = Ad-Hoc|iPhoneSimulator
		{06593598-BFF4-4650-AFD2-93B93CDB3051}.Ad-Hoc|ARM.ActiveCfg = Ad-Hoc|iPhoneSimulator
		{06593598-BFF4-4650-AFD2-93B93CDB3051}.Ad-Hoc|ARM64.ActiveCfg = Ad-Hoc|iPhoneSimulator
		{06593598-BFF4-4650-AFD2-93B93CDB3051}.Ad-Hoc|iPhone.ActiveCfg = Ad-Hoc|iPhone
		{06593598-BFF4-4650-AFD2-93B93CDB3051}.Ad-Hoc|iPhone.Build.0 = Ad-Hoc|iPhone
		{06593598-BFF4-4650-AFD2-93B93CDB3051}.Ad-Hoc|iPhoneSimulator.ActiveCfg = Ad-Hoc|iPhoneSimulator
		{06593598-BFF4-4650-AFD2-93B93CDB3051}.Ad-Hoc|iPhoneSimulator.Build.0 = Ad-Hoc|iPhoneSimulator
		{06593598-BFF4-4650-AFD2-93B93CDB3051}.Ad-Hoc|x64.ActiveCfg = Ad-Hoc|iPhoneSimulator
		{06593598-BFF4-4650-AFD2-93B93CDB3051}.Ad-Hoc|x86.ActiveCfg = Ad-Hoc|iPhoneSimulator
		{06593598-BFF4-4650-AFD2-93B93CDB3051}.AppStore|Any CPU.ActiveCfg = AppStore|iPhoneSimulator
		{06593598-BFF4-4650-AFD2-93B93CDB3051}.AppStore|ARM.ActiveCfg = AppStore|iPhoneSimulator
		{06593598-BFF4-4650-AFD2-93B93CDB3051}.AppStore|ARM64.ActiveCfg = AppStore|iPhoneSimulator
		{06593598-BFF4-4650-AFD2-93B93CDB3051}.AppStore|iPhone.ActiveCfg = AppStore|iPhone
		{06593598-BFF4-4650-AFD2-93B93CDB3051}.AppStore|iPhone.Build.0 = AppStore|iPhone
		{06593598-BFF4-4650-AFD2-93B93CDB3051}.AppStore|iPhoneSimulator.ActiveCfg = AppStore|iPhoneSimulator
		{06593598-BFF4-4650-AFD2-93B93CDB3051}.AppStore|iPhoneSimulator.Build.0 = AppStore|iPhoneSimulator
		{06593598-BFF4-4650-AFD2-93B93CDB3051}.AppStore|x64.ActiveCfg = AppStore|iPhoneSimulator
		{06593598-BFF4-4650-AFD2-93B93CDB3051}.AppStore|x86.ActiveCfg = AppStore|iPhoneSimulator
		{06593598-BFF4-4650-AFD2-93B93CDB3051}.Debug|Any CPU.ActiveCfg = Debug|iPhoneSimulator
		{06593598-BFF4-4650-AFD2-93B93CDB3051}.Debug|ARM.ActiveCfg = Debug|iPhoneSimulator
		{06593598-BFF4-4650-AFD2-93B93CDB3051}.Debug|ARM64.ActiveCfg = Debug|iPhoneSimulator
		{06593598-BFF4-4650-AFD2-93B93CDB3051}.Debug|iPhone.ActiveCfg = Debug|iPhone
		{06593598-BFF4-4650-AFD2-93B93CDB3051}.Debug|iPhone.Build.0 = Debug|iPhone
		{06593598-BFF4-4650-AFD2-93B93CDB3051}.Debug|iPhoneSimulator.ActiveCfg = Debug|iPhoneSimulator
		{06593598-BFF4-4650-AFD2-93B93CDB3051}.Debug|iPhoneSimulator.Build.0 = Debug|iPhoneSimulator
		{06593598-BFF4-4650-AFD2-93B93CDB3051}.Debug|x64.ActiveCfg = Debug|iPhoneSimulator
		{06593598-BFF4-4650-AFD2-93B93CDB3051}.Debug|x86.ActiveCfg = Debug|iPhoneSimulator
		{06593598-BFF4-4650-AFD2-93B93CDB3051}.Release|Any CPU.ActiveCfg = Release|iPhoneSimulator
		{06593598-BFF4-4650-AFD2-93B93CDB3051}.Release|ARM.ActiveCfg = Release|iPhoneSimulator
		{06593598-BFF4-4650-AFD2-93B93CDB3051}.Release|ARM64.ActiveCfg = Release|iPhoneSimulator
		{06593598-BFF4-4650-AFD2-93B93CDB3051}.Release|iPhone.ActiveCfg = Release|iPhone
		{06593598-BFF4-4650-AFD2-93B93CDB3051}.Release|iPhone.Build.0 = Release|iPhone
		{06593598-BFF4-4650-AFD2-93B93CDB3051}.Release|iPhoneSimulator.ActiveCfg = Release|iPhoneSimulator
		{06593598-BFF4-4650-AFD2-93B93CDB3051}.Release|iPhoneSimulator.Build.0 = Release|iPhoneSimulator
		{06593598-BFF4-4650-AFD2-93B93CDB3051}.Release|x64.ActiveCfg = Release|iPhoneSimulator
		{06593598-BFF4-4650-AFD2-93B93CDB3051}.Release|x86.ActiveCfg = Release|iPhoneSimulator
		{B0D7B250-8BFB-47EE-A068-B89666ACC61C}.Ad-Hoc|Any CPU.ActiveCfg = Debug|x86
		{B0D7B250-8BFB-47EE-A068-B89666ACC61C}.Ad-Hoc|Any CPU.Build.0 = Debug|x86
		{B0D7B250-8BFB-47EE-A068-B89666ACC61C}.Ad-Hoc|Any CPU.Deploy.0 = Debug|x86
		{B0D7B250-8BFB-47EE-A068-B89666ACC61C}.Ad-Hoc|ARM.ActiveCfg = Debug|ARM
		{B0D7B250-8BFB-47EE-A068-B89666ACC61C}.Ad-Hoc|ARM.Build.0 = Debug|ARM
		{B0D7B250-8BFB-47EE-A068-B89666ACC61C}.Ad-Hoc|ARM.Deploy.0 = Debug|ARM
		{B0D7B250-8BFB-47EE-A068-B89666ACC61C}.Ad-Hoc|ARM64.ActiveCfg = Debug|ARM64
		{B0D7B250-8BFB-47EE-A068-B89666ACC61C}.Ad-Hoc|ARM64.Build.0 = Debug|ARM64
		{B0D7B250-8BFB-47EE-A068-B89666ACC61C}.Ad-Hoc|ARM64.Deploy.0 = Debug|ARM64
		{B0D7B250-8BFB-47EE-A068-B89666ACC61C}.Ad-Hoc|iPhone.ActiveCfg = Debug|x86
		{B0D7B250-8BFB-47EE-A068-B89666ACC61C}.Ad-Hoc|iPhone.Build.0 = Debug|x86
		{B0D7B250-8BFB-47EE-A068-B89666ACC61C}.Ad-Hoc|iPhone.Deploy.0 = Debug|x86
		{B0D7B250-8BFB-47EE-A068-B89666ACC61C}.Ad-Hoc|iPhoneSimulator.ActiveCfg = Debug|x86
		{B0D7B250-8BFB-47EE-A068-B89666ACC61C}.Ad-Hoc|iPhoneSimulator.Build.0 = Debug|x86
		{B0D7B250-8BFB-47EE-A068-B89666ACC61C}.Ad-Hoc|iPhoneSimulator.Deploy.0 = Debug|x86
		{B0D7B250-8BFB-47EE-A068-B89666ACC61C}.Ad-Hoc|x64.ActiveCfg = Debug|x64
		{B0D7B250-8BFB-47EE-A068-B89666ACC61C}.Ad-Hoc|x64.Build.0 = Debug|x64
		{B0D7B250-8BFB-47EE-A068-B89666ACC61C}.Ad-Hoc|x64.Deploy.0 = Debug|x64
		{B0D7B250-8BFB-47EE-A068-B89666ACC61C}.Ad-Hoc|x86.ActiveCfg = Debug|x86
		{B0D7B250-8BFB-47EE-A068-B89666ACC61C}.Ad-Hoc|x86.Build.0 = Debug|x86
		{B0D7B250-8BFB-47EE-A068-B89666ACC61C}.Ad-Hoc|x86.Deploy.0 = Debug|x86
		{B0D7B250-8BFB-47EE-A068-B89666ACC61C}.AppStore|Any CPU.ActiveCfg = Debug|x86
		{B0D7B250-8BFB-47EE-A068-B89666ACC61C}.AppStore|Any CPU.Build.0 = Debug|x86
		{B0D7B250-8BFB-47EE-A068-B89666ACC61C}.AppStore|Any CPU.Deploy.0 = Debug|x86
		{B0D7B250-8BFB-47EE-A068-B89666ACC61C}.AppStore|ARM.ActiveCfg = Debug|ARM
		{B0D7B250-8BFB-47EE-A068-B89666ACC61C}.AppStore|ARM.Build.0 = Debug|ARM
		{B0D7B250-8BFB-47EE-A068-B89666ACC61C}.AppStore|ARM.Deploy.0 = Debug|ARM
		{B0D7B250-8BFB-47EE-A068-B89666ACC61C}.AppStore|ARM64.ActiveCfg = Debug|ARM64
		{B0D7B250-8BFB-47EE-A068-B89666ACC61C}.AppStore|ARM64.Build.0 = Debug|ARM64
		{B0D7B250-8BFB-47EE-A068-B89666ACC61C}.AppStore|ARM64.Deploy.0 = Debug|ARM64
		{B0D7B250-8BFB-47EE-A068-B89666ACC61C}.AppStore|iPhone.ActiveCfg = Debug|x86
		{B0D7B250-8BFB-47EE-A068-B89666ACC61C}.AppStore|iPhone.Build.0 = Debug|x86
		{B0D7B250-8BFB-47EE-A068-B89666ACC61C}.AppStore|iPhone.Deploy.0 = Debug|x86
		{B0D7B250-8BFB-47EE-A068-B89666ACC61C}.AppStore|iPhoneSimulator.ActiveCfg = Debug|x86
		{B0D7B250-8BFB-47EE-A068-B89666ACC61C}.AppStore|iPhoneSimulator.Build.0 = Debug|x86
		{B0D7B250-8BFB-47EE-A068-B89666ACC61C}.AppStore|iPhoneSimulator.Deploy.0 = Debug|x86
		{B0D7B250-8BFB-47EE-A068-B89666ACC61C}.AppStore|x64.ActiveCfg = Debug|x64
		{B0D7B250-8BFB-47EE-A068-B89666ACC61C}.AppStore|x64.Build.0 = Debug|x64
		{B0D7B250-8BFB-47EE-A068-B89666ACC61C}.AppStore|x64.Deploy.0 = Debug|x64
		{B0D7B250-8BFB-47EE-A068-B89666ACC61C}.AppStore|x86.ActiveCfg = Debug|x86
		{B0D7B250-8BFB-47EE-A068-B89666ACC61C}.AppStore|x86.Build.0 = Debug|x86
		{B0D7B250-8BFB-47EE-A068-B89666ACC61C}.AppStore|x86.Deploy.0 = Debug|x86
		{B0D7B250-8BFB-47EE-A068-B89666ACC61C}.Debug|Any CPU.ActiveCfg = Debug|x86
		{B0D7B250-8BFB-47EE-A068-B89666ACC61C}.Debug|ARM.ActiveCfg = Debug|ARM
		{B0D7B250-8BFB-47EE-A068-B89666ACC61C}.Debug|ARM.Build.0 = Debug|ARM
		{B0D7B250-8BFB-47EE-A068-B89666ACC61C}.Debug|ARM.Deploy.0 = Debug|ARM
		{B0D7B250-8BFB-47EE-A068-B89666ACC61C}.Debug|ARM64.ActiveCfg = Debug|ARM64
		{B0D7B250-8BFB-47EE-A068-B89666ACC61C}.Debug|ARM64.Build.0 = Debug|ARM64
		{B0D7B250-8BFB-47EE-A068-B89666ACC61C}.Debug|ARM64.Deploy.0 = Debug|ARM64
		{B0D7B250-8BFB-47EE-A068-B89666ACC61C}.Debug|iPhone.ActiveCfg = Debug|x86
		{B0D7B250-8BFB-47EE-A068-B89666ACC61C}.Debug|iPhoneSimulator.ActiveCfg = Debug|x86
		{B0D7B250-8BFB-47EE-A068-B89666ACC61C}.Debug|x64.ActiveCfg = Debug|x64
		{B0D7B250-8BFB-47EE-A068-B89666ACC61C}.Debug|x64.Build.0 = Debug|x64
		{B0D7B250-8BFB-47EE-A068-B89666ACC61C}.Debug|x64.Deploy.0 = Debug|x64
		{B0D7B250-8BFB-47EE-A068-B89666ACC61C}.Debug|x86.ActiveCfg = Debug|x86
		{B0D7B250-8BFB-47EE-A068-B89666ACC61C}.Debug|x86.Build.0 = Debug|x86
		{B0D7B250-8BFB-47EE-A068-B89666ACC61C}.Debug|x86.Deploy.0 = Debug|x86
		{B0D7B250-8BFB-47EE-A068-B89666ACC61C}.Release|Any CPU.ActiveCfg = Release|x86
		{B0D7B250-8BFB-47EE-A068-B89666ACC61C}.Release|ARM.ActiveCfg = Release|ARM
		{B0D7B250-8BFB-47EE-A068-B89666ACC61C}.Release|ARM.Build.0 = Release|ARM
		{B0D7B250-8BFB-47EE-A068-B89666ACC61C}.Release|ARM.Deploy.0 = Release|ARM
		{B0D7B250-8BFB-47EE-A068-B89666ACC61C}.Release|ARM64.ActiveCfg = Release|ARM64
		{B0D7B250-8BFB-47EE-A068-B89666ACC61C}.Release|ARM64.Build.0 = Release|ARM64
		{B0D7B250-8BFB-47EE-A068-B89666ACC61C}.Release|ARM64.Deploy.0 = Release|ARM64
		{B0D7B250-8BFB-47EE-A068-B89666ACC61C}.Release|iPhone.ActiveCfg = Release|x86
		{B0D7B250-8BFB-47EE-A068-B89666ACC61C}.Release|iPhoneSimulator.ActiveCfg = Release|x86
		{B0D7B250-8BFB-47EE-A068-B89666ACC61C}.Release|x64.ActiveCfg = Release|x64
		{B0D7B250-8BFB-47EE-A068-B89666ACC61C}.Release|x64.Build.0 = Release|x64
		{B0D7B250-8BFB-47EE-A068-B89666ACC61C}.Release|x64.Deploy.0 = Release|x64
		{B0D7B250-8BFB-47EE-A068-B89666ACC61C}.Release|x86.ActiveCfg = Release|x86
		{B0D7B250-8BFB-47EE-A068-B89666ACC61C}.Release|x86.Build.0 = Release|x86
		{B0D7B250-8BFB-47EE-A068-B89666ACC61C}.Release|x86.Deploy.0 = Release|x86
		{683D7BA4-46AB-4703-A68B-2AA8A3AD910D}.Ad-Hoc|Any CPU.ActiveCfg = Release|Any CPU
		{683D7BA4-46AB-4703-A68B-2AA8A3AD910D}.Ad-Hoc|Any CPU.Build.0 = Release|Any CPU
		{683D7BA4-46AB-4703-A68B-2AA8A3AD910D}.Ad-Hoc|ARM.ActiveCfg = Release|Any CPU
		{683D7BA4-46AB-4703-A68B-2AA8A3AD910D}.Ad-Hoc|ARM.Build.0 = Release|Any CPU
		{683D7BA4-46AB-4703-A68B-2AA8A3AD910D}.Ad-Hoc|ARM64.ActiveCfg = Release|Any CPU
		{683D7BA4-46AB-4703-A68B-2AA8A3AD910D}.Ad-Hoc|ARM64.Build.0 = Release|Any CPU
		{683D7BA4-46AB-4703-A68B-2AA8A3AD910D}.Ad-Hoc|iPhone.ActiveCfg = Release|Any CPU
		{683D7BA4-46AB-4703-A68B-2AA8A3AD910D}.Ad-Hoc|iPhone.Build.0 = Release|Any CPU
		{683D7BA4-46AB-4703-A68B-2AA8A3AD910D}.Ad-Hoc|iPhoneSimulator.ActiveCfg = Release|Any CPU
		{683D7BA4-46AB-4703-A68B-2AA8A3AD910D}.Ad-Hoc|iPhoneSimulator.Build.0 = Release|Any CPU
		{683D7BA4-46AB-4703-A68B-2AA8A3AD910D}.Ad-Hoc|x64.ActiveCfg = Release|Any CPU
		{683D7BA4-46AB-4703-A68B-2AA8A3AD910D}.Ad-Hoc|x64.Build.0 = Release|Any CPU
		{683D7BA4-46AB-4703-A68B-2AA8A3AD910D}.Ad-Hoc|x86.ActiveCfg = Release|Any CPU
		{683D7BA4-46AB-4703-A68B-2AA8A3AD910D}.Ad-Hoc|x86.Build.0 = Release|Any CPU
		{683D7BA4-46AB-4703-A68B-2AA8A3AD910D}.AppStore|Any CPU.ActiveCfg = Release|Any CPU
		{683D7BA4-46AB-4703-A68B-2AA8A3AD910D}.AppStore|Any CPU.Build.0 = Release|Any CPU
		{683D7BA4-46AB-4703-A68B-2AA8A3AD910D}.AppStore|ARM.ActiveCfg = Release|Any CPU
		{683D7BA4-46AB-4703-A68B-2AA8A3AD910D}.AppStore|ARM.Build.0 = Release|Any CPU
		{683D7BA4-46AB-4703-A68B-2AA8A3AD910D}.AppStore|ARM64.ActiveCfg = Release|Any CPU
		{683D7BA4-46AB-4703-A68B-2AA8A3AD910D}.AppStore|ARM64.Build.0 = Release|Any CPU
		{683D7BA4-46AB-4703-A68B-2AA8A3AD910D}.AppStore|iPhone.ActiveCfg = Release|Any CPU
		{683D7BA4-46AB-4703-A68B-2AA8A3AD910D}.AppStore|iPhone.Build.0 = Release|Any CPU
		{683D7BA4-46AB-4703-A68B-2AA8A3AD910D}.AppStore|iPhoneSimulator.ActiveCfg = Release|Any CPU
		{683D7BA4-46AB-4703-A68B-2AA8A3AD910D}.AppStore|iPhoneSimulator.Build.0 = Release|Any CPU
		{683D7BA4-46AB-4703-A68B-2AA8A3AD910D}.AppStore|x64.ActiveCfg = Release|Any CPU
		{683D7BA4-46AB-4703-A68B-2AA8A3AD910D}.AppStore|x64.Build.0 = Release|Any CPU
		{683D7BA4-46AB-4703-A68B-2AA8A3AD910D}.AppStore|x86.ActiveCfg = Release|Any CPU
		{683D7BA4-46AB-4703-A68B-2AA8A3AD910D}.AppStore|x86.Build.0 = Release|Any CPU
		{683D7BA4-46AB-4703-A68B-2AA8A3AD910D}.Debug|Any CPU.ActiveCfg = Debug|Any CPU
		{683D7BA4-46AB-4703-A68B-2AA8A3AD910D}.Debug|Any CPU.Build.0 = Debug|Any CPU
		{683D7BA4-46AB-4703-A68B-2AA8A3AD910D}.Debug|ARM.ActiveCfg = Debug|Any CPU
		{683D7BA4-46AB-4703-A68B-2AA8A3AD910D}.Debug|ARM.Build.0 = Debug|Any CPU
		{683D7BA4-46AB-4703-A68B-2AA8A3AD910D}.Debug|ARM64.ActiveCfg = Debug|Any CPU
		{683D7BA4-46AB-4703-A68B-2AA8A3AD910D}.Debug|ARM64.Build.0 = Debug|Any CPU
		{683D7BA4-46AB-4703-A68B-2AA8A3AD910D}.Debug|iPhone.ActiveCfg = Debug|Any CPU
		{683D7BA4-46AB-4703-A68B-2AA8A3AD910D}.Debug|iPhone.Build.0 = Debug|Any CPU
		{683D7BA4-46AB-4703-A68B-2AA8A3AD910D}.Debug|iPhoneSimulator.ActiveCfg = Debug|Any CPU
		{683D7BA4-46AB-4703-A68B-2AA8A3AD910D}.Debug|iPhoneSimulator.Build.0 = Debug|Any CPU
		{683D7BA4-46AB-4703-A68B-2AA8A3AD910D}.Debug|x64.ActiveCfg = Debug|Any CPU
		{683D7BA4-46AB-4703-A68B-2AA8A3AD910D}.Debug|x64.Build.0 = Debug|Any CPU
		{683D7BA4-46AB-4703-A68B-2AA8A3AD910D}.Debug|x86.ActiveCfg = Debug|Any CPU
		{683D7BA4-46AB-4703-A68B-2AA8A3AD910D}.Debug|x86.Build.0 = Debug|Any CPU
		{683D7BA4-46AB-4703-A68B-2AA8A3AD910D}.Release|Any CPU.ActiveCfg = Release|Any CPU
		{683D7BA4-46AB-4703-A68B-2AA8A3AD910D}.Release|Any CPU.Build.0 = Release|Any CPU
		{683D7BA4-46AB-4703-A68B-2AA8A3AD910D}.Release|ARM.ActiveCfg = Release|Any CPU
		{683D7BA4-46AB-4703-A68B-2AA8A3AD910D}.Release|ARM.Build.0 = Release|Any CPU
		{683D7BA4-46AB-4703-A68B-2AA8A3AD910D}.Release|ARM64.ActiveCfg = Release|Any CPU
		{683D7BA4-46AB-4703-A68B-2AA8A3AD910D}.Release|ARM64.Build.0 = Release|Any CPU
		{683D7BA4-46AB-4703-A68B-2AA8A3AD910D}.Release|iPhone.ActiveCfg = Release|Any CPU
		{683D7BA4-46AB-4703-A68B-2AA8A3AD910D}.Release|iPhone.Build.0 = Release|Any CPU
		{683D7BA4-46AB-4703-A68B-2AA8A3AD910D}.Release|iPhoneSimulator.ActiveCfg = Release|Any CPU
		{683D7BA4-46AB-4703-A68B-2AA8A3AD910D}.Release|iPhoneSimulator.Build.0 = Release|Any CPU
		{683D7BA4-46AB-4703-A68B-2AA8A3AD910D}.Release|x64.ActiveCfg = Release|Any CPU
		{683D7BA4-46AB-4703-A68B-2AA8A3AD910D}.Release|x64.Build.0 = Release|Any CPU
		{683D7BA4-46AB-4703-A68B-2AA8A3AD910D}.Release|x86.ActiveCfg = Release|Any CPU
		{683D7BA4-46AB-4703-A68B-2AA8A3AD910D}.Release|x86.Build.0 = Release|Any CPU
		{1EEAB241-DEB4-473D-90BD-8A50669919FF}.Ad-Hoc|Any CPU.ActiveCfg = Debug|iPhoneSimulator
		{1EEAB241-DEB4-473D-90BD-8A50669919FF}.Ad-Hoc|Any CPU.Build.0 = Debug|iPhoneSimulator
		{1EEAB241-DEB4-473D-90BD-8A50669919FF}.Ad-Hoc|ARM.ActiveCfg = Debug|iPhoneSimulator
		{1EEAB241-DEB4-473D-90BD-8A50669919FF}.Ad-Hoc|ARM.Build.0 = Debug|iPhoneSimulator
		{1EEAB241-DEB4-473D-90BD-8A50669919FF}.Ad-Hoc|ARM64.ActiveCfg = Debug|iPhoneSimulator
		{1EEAB241-DEB4-473D-90BD-8A50669919FF}.Ad-Hoc|ARM64.Build.0 = Debug|iPhoneSimulator
		{1EEAB241-DEB4-473D-90BD-8A50669919FF}.Ad-Hoc|iPhone.ActiveCfg = Debug|iPhoneSimulator
		{1EEAB241-DEB4-473D-90BD-8A50669919FF}.Ad-Hoc|iPhone.Build.0 = Debug|iPhoneSimulator
		{1EEAB241-DEB4-473D-90BD-8A50669919FF}.Ad-Hoc|iPhoneSimulator.ActiveCfg = Debug|iPhoneSimulator
		{1EEAB241-DEB4-473D-90BD-8A50669919FF}.Ad-Hoc|iPhoneSimulator.Build.0 = Debug|iPhoneSimulator
		{1EEAB241-DEB4-473D-90BD-8A50669919FF}.Ad-Hoc|x64.ActiveCfg = Debug|iPhoneSimulator
		{1EEAB241-DEB4-473D-90BD-8A50669919FF}.Ad-Hoc|x64.Build.0 = Debug|iPhoneSimulator
		{1EEAB241-DEB4-473D-90BD-8A50669919FF}.Ad-Hoc|x86.ActiveCfg = Debug|iPhoneSimulator
		{1EEAB241-DEB4-473D-90BD-8A50669919FF}.Ad-Hoc|x86.Build.0 = Debug|iPhoneSimulator
		{1EEAB241-DEB4-473D-90BD-8A50669919FF}.AppStore|Any CPU.ActiveCfg = Debug|iPhoneSimulator
		{1EEAB241-DEB4-473D-90BD-8A50669919FF}.AppStore|Any CPU.Build.0 = Debug|iPhoneSimulator
		{1EEAB241-DEB4-473D-90BD-8A50669919FF}.AppStore|ARM.ActiveCfg = Debug|iPhoneSimulator
		{1EEAB241-DEB4-473D-90BD-8A50669919FF}.AppStore|ARM.Build.0 = Debug|iPhoneSimulator
		{1EEAB241-DEB4-473D-90BD-8A50669919FF}.AppStore|ARM64.ActiveCfg = Debug|iPhoneSimulator
		{1EEAB241-DEB4-473D-90BD-8A50669919FF}.AppStore|ARM64.Build.0 = Debug|iPhoneSimulator
		{1EEAB241-DEB4-473D-90BD-8A50669919FF}.AppStore|iPhone.ActiveCfg = Debug|iPhoneSimulator
		{1EEAB241-DEB4-473D-90BD-8A50669919FF}.AppStore|iPhone.Build.0 = Debug|iPhoneSimulator
		{1EEAB241-DEB4-473D-90BD-8A50669919FF}.AppStore|iPhoneSimulator.ActiveCfg = Debug|iPhoneSimulator
		{1EEAB241-DEB4-473D-90BD-8A50669919FF}.AppStore|iPhoneSimulator.Build.0 = Debug|iPhoneSimulator
		{1EEAB241-DEB4-473D-90BD-8A50669919FF}.AppStore|x64.ActiveCfg = Debug|iPhoneSimulator
		{1EEAB241-DEB4-473D-90BD-8A50669919FF}.AppStore|x64.Build.0 = Debug|iPhoneSimulator
		{1EEAB241-DEB4-473D-90BD-8A50669919FF}.AppStore|x86.ActiveCfg = Debug|iPhoneSimulator
		{1EEAB241-DEB4-473D-90BD-8A50669919FF}.AppStore|x86.Build.0 = Debug|iPhoneSimulator
		{1EEAB241-DEB4-473D-90BD-8A50669919FF}.Debug|Any CPU.ActiveCfg = Debug|iPhoneSimulator
		{1EEAB241-DEB4-473D-90BD-8A50669919FF}.Debug|ARM.ActiveCfg = Debug|iPhoneSimulator
		{1EEAB241-DEB4-473D-90BD-8A50669919FF}.Debug|ARM64.ActiveCfg = Debug|iPhoneSimulator
		{1EEAB241-DEB4-473D-90BD-8A50669919FF}.Debug|iPhone.ActiveCfg = Debug|iPhoneSimulator
		{1EEAB241-DEB4-473D-90BD-8A50669919FF}.Debug|iPhoneSimulator.ActiveCfg = Debug|iPhoneSimulator
		{1EEAB241-DEB4-473D-90BD-8A50669919FF}.Debug|iPhoneSimulator.Build.0 = Debug|iPhoneSimulator
		{1EEAB241-DEB4-473D-90BD-8A50669919FF}.Debug|x64.ActiveCfg = Debug|iPhoneSimulator
		{1EEAB241-DEB4-473D-90BD-8A50669919FF}.Debug|x86.ActiveCfg = Debug|iPhoneSimulator
		{1EEAB241-DEB4-473D-90BD-8A50669919FF}.Release|Any CPU.ActiveCfg = Release|iPhoneSimulator
		{1EEAB241-DEB4-473D-90BD-8A50669919FF}.Release|ARM.ActiveCfg = Release|iPhoneSimulator
		{1EEAB241-DEB4-473D-90BD-8A50669919FF}.Release|ARM64.ActiveCfg = Release|iPhoneSimulator
		{1EEAB241-DEB4-473D-90BD-8A50669919FF}.Release|iPhone.ActiveCfg = Release|iPhoneSimulator
		{1EEAB241-DEB4-473D-90BD-8A50669919FF}.Release|iPhoneSimulator.ActiveCfg = Release|iPhoneSimulator
		{1EEAB241-DEB4-473D-90BD-8A50669919FF}.Release|iPhoneSimulator.Build.0 = Release|iPhoneSimulator
		{1EEAB241-DEB4-473D-90BD-8A50669919FF}.Release|x64.ActiveCfg = Release|iPhoneSimulator
		{1EEAB241-DEB4-473D-90BD-8A50669919FF}.Release|x86.ActiveCfg = Release|iPhoneSimulator
		{D5FEB76D-FBFB-4595-A905-22997E8A543D}.Ad-Hoc|Any CPU.ActiveCfg = Release|Any CPU
		{D5FEB76D-FBFB-4595-A905-22997E8A543D}.Ad-Hoc|Any CPU.Build.0 = Release|Any CPU
		{D5FEB76D-FBFB-4595-A905-22997E8A543D}.Ad-Hoc|ARM.ActiveCfg = Release|Any CPU
		{D5FEB76D-FBFB-4595-A905-22997E8A543D}.Ad-Hoc|ARM.Build.0 = Release|Any CPU
		{D5FEB76D-FBFB-4595-A905-22997E8A543D}.Ad-Hoc|ARM64.ActiveCfg = Release|Any CPU
		{D5FEB76D-FBFB-4595-A905-22997E8A543D}.Ad-Hoc|ARM64.Build.0 = Release|Any CPU
		{D5FEB76D-FBFB-4595-A905-22997E8A543D}.Ad-Hoc|iPhone.ActiveCfg = Release|Any CPU
		{D5FEB76D-FBFB-4595-A905-22997E8A543D}.Ad-Hoc|iPhone.Build.0 = Release|Any CPU
		{D5FEB76D-FBFB-4595-A905-22997E8A543D}.Ad-Hoc|iPhoneSimulator.ActiveCfg = Release|Any CPU
		{D5FEB76D-FBFB-4595-A905-22997E8A543D}.Ad-Hoc|iPhoneSimulator.Build.0 = Release|Any CPU
		{D5FEB76D-FBFB-4595-A905-22997E8A543D}.Ad-Hoc|x64.ActiveCfg = Release|Any CPU
		{D5FEB76D-FBFB-4595-A905-22997E8A543D}.Ad-Hoc|x64.Build.0 = Release|Any CPU
		{D5FEB76D-FBFB-4595-A905-22997E8A543D}.Ad-Hoc|x86.ActiveCfg = Release|Any CPU
		{D5FEB76D-FBFB-4595-A905-22997E8A543D}.Ad-Hoc|x86.Build.0 = Release|Any CPU
		{D5FEB76D-FBFB-4595-A905-22997E8A543D}.AppStore|Any CPU.ActiveCfg = Release|Any CPU
		{D5FEB76D-FBFB-4595-A905-22997E8A543D}.AppStore|Any CPU.Build.0 = Release|Any CPU
		{D5FEB76D-FBFB-4595-A905-22997E8A543D}.AppStore|ARM.ActiveCfg = Release|Any CPU
		{D5FEB76D-FBFB-4595-A905-22997E8A543D}.AppStore|ARM.Build.0 = Release|Any CPU
		{D5FEB76D-FBFB-4595-A905-22997E8A543D}.AppStore|ARM64.ActiveCfg = Release|Any CPU
		{D5FEB76D-FBFB-4595-A905-22997E8A543D}.AppStore|ARM64.Build.0 = Release|Any CPU
		{D5FEB76D-FBFB-4595-A905-22997E8A543D}.AppStore|iPhone.ActiveCfg = Release|Any CPU
		{D5FEB76D-FBFB-4595-A905-22997E8A543D}.AppStore|iPhone.Build.0 = Release|Any CPU
		{D5FEB76D-FBFB-4595-A905-22997E8A543D}.AppStore|iPhoneSimulator.ActiveCfg = Release|Any CPU
		{D5FEB76D-FBFB-4595-A905-22997E8A543D}.AppStore|iPhoneSimulator.Build.0 = Release|Any CPU
		{D5FEB76D-FBFB-4595-A905-22997E8A543D}.AppStore|x64.ActiveCfg = Release|Any CPU
		{D5FEB76D-FBFB-4595-A905-22997E8A543D}.AppStore|x64.Build.0 = Release|Any CPU
		{D5FEB76D-FBFB-4595-A905-22997E8A543D}.AppStore|x86.ActiveCfg = Release|Any CPU
		{D5FEB76D-FBFB-4595-A905-22997E8A543D}.AppStore|x86.Build.0 = Release|Any CPU
		{D5FEB76D-FBFB-4595-A905-22997E8A543D}.Debug|Any CPU.ActiveCfg = Debug|Any CPU
		{D5FEB76D-FBFB-4595-A905-22997E8A543D}.Debug|Any CPU.Build.0 = Debug|Any CPU
		{D5FEB76D-FBFB-4595-A905-22997E8A543D}.Debug|ARM.ActiveCfg = Debug|Any CPU
		{D5FEB76D-FBFB-4595-A905-22997E8A543D}.Debug|ARM.Build.0 = Debug|Any CPU
		{D5FEB76D-FBFB-4595-A905-22997E8A543D}.Debug|ARM64.ActiveCfg = Debug|Any CPU
		{D5FEB76D-FBFB-4595-A905-22997E8A543D}.Debug|ARM64.Build.0 = Debug|Any CPU
		{D5FEB76D-FBFB-4595-A905-22997E8A543D}.Debug|iPhone.ActiveCfg = Debug|Any CPU
		{D5FEB76D-FBFB-4595-A905-22997E8A543D}.Debug|iPhone.Build.0 = Debug|Any CPU
		{D5FEB76D-FBFB-4595-A905-22997E8A543D}.Debug|iPhoneSimulator.ActiveCfg = Debug|Any CPU
		{D5FEB76D-FBFB-4595-A905-22997E8A543D}.Debug|iPhoneSimulator.Build.0 = Debug|Any CPU
		{D5FEB76D-FBFB-4595-A905-22997E8A543D}.Debug|x64.ActiveCfg = Debug|Any CPU
		{D5FEB76D-FBFB-4595-A905-22997E8A543D}.Debug|x64.Build.0 = Debug|Any CPU
		{D5FEB76D-FBFB-4595-A905-22997E8A543D}.Debug|x86.ActiveCfg = Debug|Any CPU
		{D5FEB76D-FBFB-4595-A905-22997E8A543D}.Debug|x86.Build.0 = Debug|Any CPU
		{D5FEB76D-FBFB-4595-A905-22997E8A543D}.Release|Any CPU.ActiveCfg = Release|Any CPU
		{D5FEB76D-FBFB-4595-A905-22997E8A543D}.Release|Any CPU.Build.0 = Release|Any CPU
		{D5FEB76D-FBFB-4595-A905-22997E8A543D}.Release|ARM.ActiveCfg = Release|Any CPU
		{D5FEB76D-FBFB-4595-A905-22997E8A543D}.Release|ARM.Build.0 = Release|Any CPU
		{D5FEB76D-FBFB-4595-A905-22997E8A543D}.Release|ARM64.ActiveCfg = Release|Any CPU
		{D5FEB76D-FBFB-4595-A905-22997E8A543D}.Release|ARM64.Build.0 = Release|Any CPU
		{D5FEB76D-FBFB-4595-A905-22997E8A543D}.Release|iPhone.ActiveCfg = Release|Any CPU
		{D5FEB76D-FBFB-4595-A905-22997E8A543D}.Release|iPhone.Build.0 = Release|Any CPU
		{D5FEB76D-FBFB-4595-A905-22997E8A543D}.Release|iPhoneSimulator.ActiveCfg = Release|Any CPU
		{D5FEB76D-FBFB-4595-A905-22997E8A543D}.Release|iPhoneSimulator.Build.0 = Release|Any CPU
		{D5FEB76D-FBFB-4595-A905-22997E8A543D}.Release|x64.ActiveCfg = Release|Any CPU
		{D5FEB76D-FBFB-4595-A905-22997E8A543D}.Release|x64.Build.0 = Release|Any CPU
		{D5FEB76D-FBFB-4595-A905-22997E8A543D}.Release|x86.ActiveCfg = Release|Any CPU
		{D5FEB76D-FBFB-4595-A905-22997E8A543D}.Release|x86.Build.0 = Release|Any CPU
	EndGlobalSection
	GlobalSection(SolutionProperties) = preSolution
		HideSolutionNode = FALSE
	EndGlobalSection
	GlobalSection(ExtensibilityGlobals) = postSolution
		SolutionGuid = {3139567D-D913-4ED7-A3D9-6D4B7389AEEB}
	EndGlobalSection
EndGlobal
